{
  "name": "murmur8",
  "version": "4.7.15",
  "lockfileVersion": 3,
  "requires": true,
  "packages": {
    "": {
      "name": "murmur8",
      "version": "4.7.15",
      "license": "MIT",
      "bin": {
        "murmur8": "bin/cli.js"
      },
      "engines": {
        "node": ">=18.0.0"
      }
    }
  }
}
